
Microsoft Visual Studio Solution File, Format Version 12.00
Project("{FAE04EC0-301F-11D3-BF4B-00C04F79EFBC}") = "DMToolkit", "DMToolkit.csproj", "{6A274F58-F6BB-4E33-A69B-820D8FB01074}"
EndProject
Global
	GlobalSection(SolutionConfigurationPlatforms) = preSolution
		Debug|Any CPU = Debug|Any CPU
		Release|Any CPU = Release|Any CPU
	EndGlobalSection
	GlobalSection(ProjectConfigurationPlatforms) = postSolution
		{6A274F58-F6BB-4E33-A69B-820D8FB01074}.Debug|Any CPU.ActiveCfg = Debug|Any CPU
		{6A274F58-F6BB-4E33-A69B-820D8FB01074}.Debug|Any CPU.Build.0 = Debug|Any CPU
		{6A274F58-F6BB-4E33-A69B-820D8FB01074}.Release|Any CPU.ActiveCfg = Release|Any CPU
		{6A274F58-F6BB-4E33-A69B-820D8FB01074}.Release|Any CPU.Build.0 = Release|Any CPU
	EndGlobalSection
EndGlobal
